
Microsoft Visual Studio Solution File, Format Version 12.00
# Visual Studio Version 17
VisualStudioVersion = 17.0.32014.148
MinimumVisualStudioVersion = 10.0.40219.1
Project("{FAE04EC0-301F-11D3-BF4B-00C04F79EFBC}") = "Moonlight v214 Launcher", "v214\Launcher.csproj", "{0715EBE5-503C-4ADE-A64A-7B94477409E9}"
EndProject
Global
	GlobalSection(SolutionConfigurationPlatforms) = preSolution
		Debug|Any CPU = Debug|Any CPU
		Release|Any CPU = Release|Any CPU
	EndGlobalSection
	GlobalSection(ProjectConfigurationPlatforms) = postSolution
		{0715EBE5-503C-4ADE-A64A-7B94477409E9}.Debug|Any CPU.ActiveCfg = Debug|Any CPU
		{0715EBE5-503C-4ADE-A64A-7B94477409E9}.Debug|Any CPU.Build.0 = Debug|Any CPU
		{0715EBE5-503C-4ADE-A64A-7B94477409E9}.Release|Any CPU.ActiveCfg = Release|Any CPU
		{0715EBE5-503C-4ADE-A64A-7B94477409E9}.Release|Any CPU.Build.0 = Release|Any CPU
	EndGlobalSection
	GlobalSection(SolutionProperties) = preSolution
		HideSolutionNode = FALSE
	EndGlobalSection
	GlobalSection(ExtensibilityGlobals) = postSolution
		SolutionGuid = {27553530-DE2D-45CE-8196-72D01D9F424C}
	EndGlobalSection
EndGlobal
