<?xml version="1.0" encoding="utf-8"?>
<Project ToolsVersion="15.0" xmlns="http://schemas.microsoft.com/developer/msbuild/2003">
  <ItemGroup>
    <ClCompile Include="C:\Projects\MU2\lib\discord-rpc\examples\send-presence\send-presence.c">
      <Filter>Source Files</Filter>
    </ClCompile>
  </ItemGroup>
  <ItemGroup>
    <CustomBuild Include="C:\Projects\MU2\lib\discord-rpc\examples\send-presence\CMakeLists.txt" />
  </ItemGroup>
  <ItemGroup>
    <Filter Include="Source Files">
      <UniqueIdentifier>{77681D5E-35F9-3D62-80A5-1760FC7CF746}</UniqueIdentifier>
    </Filter>
  </ItemGroup>
</Project>
