<?xml version="1.0" encoding="utf-8"?>
<Project ToolsVersion="4.0" xmlns="http://schemas.microsoft.com/developer/msbuild/2003">
  <ItemGroup>
    <Filter Include="Source Files">
      <UniqueIdentifier>{4FC737F1-C7A5-4376-A066-2A32D752A2FF}</UniqueIdentifier>
      <Extensions>cpp;c;cc;cxx;def;odl;idl;hpj;bat;asm;asmx</Extensions>
    </Filter>
    <Filter Include="Header Files">
      <UniqueIdentifier>{93995380-89BD-4b04-88EB-625FBE52EBFB}</UniqueIdentifier>
      <Extensions>h;hh;hpp;hxx;hm;inl;inc;ipp;xsd</Extensions>
    </Filter>
    <Filter Include="NMCO">
      <UniqueIdentifier>{bcf2709b-1842-43ea-922c-a92b294a7a40}</UniqueIdentifier>
    </Filter>
    <Filter Include="Header Files\MapleStory">
      <UniqueIdentifier>{18aa584d-3471-4756-8d55-dda0512b108d}</UniqueIdentifier>
    </Filter>
    <Filter Include="Library Files">
      <UniqueIdentifier>{045583ed-fbb5-4347-ba91-ef608874238a}</UniqueIdentifier>
    </Filter>
    <Filter Include="Source Files\System">
      <UniqueIdentifier>{34115c86-0760-489f-9252-fde932a66fb5}</UniqueIdentifier>
    </Filter>
    <Filter Include="Source Files\Maple">
      <UniqueIdentifier>{d1c74380-d46d-4f61-baa1-0a61dcdf6765}</UniqueIdentifier>
    </Filter>
  </ItemGroup>
  <ItemGroup>
    <ClCompile Include="EntryPoint.cpp">
      <Filter>Source Files</Filter>
    </ClCompile>
    <ClCompile Include="Proxy\ijl15.cpp">
      <Filter>Library Files</Filter>
    </ClCompile>
    <ClCompile Include="Functions.cpp">
      <Filter>Source Files</Filter>
    </ClCompile>
    <ClCompile Include="NMCO\NMFunctionObject.cpp">
      <Filter>NMCO</Filter>
    </ClCompile>
    <ClCompile Include="NMCO\NMSerializable.cpp">
      <Filter>NMCO</Filter>
    </ClCompile>
    <ClCompile Include="NMCO\NMDataObject.cpp">
      <Filter>NMCO</Filter>
    </ClCompile>
    <ClCompile Include="CRCHook.cpp">
      <Filter>Source Files\Maple</Filter>
    </ClCompile>
    <ClCompile Include="MapleHook.cpp">
      <Filter>Source Files\Maple</Filter>
    </ClCompile>
    <ClCompile Include="WinHook.cpp">
      <Filter>Source Files\System</Filter>
    </ClCompile>
    <ClCompile Include="SockHook.cpp">
      <Filter>Source Files\System</Filter>
    </ClCompile>
    <ClCompile Include="NMCOHook.cpp">
      <Filter>Source Files\System</Filter>
    </ClCompile>
    <ClCompile Include="Discord.c">
      <Filter>Source Files</Filter>
    </ClCompile>
  </ItemGroup>
  <ItemGroup>
    <ClInclude Include="Proxy\ijl15.h">
      <Filter>Library Files</Filter>
    </ClInclude>
    <ClInclude Include="Global.h">
      <Filter>Header Files</Filter>
    </ClInclude>
    <ClInclude Include="NMCO\NMDataObject.h">
      <Filter>NMCO</Filter>
    </ClInclude>
    <ClInclude Include="NMCO\NMFunctionObject.h">
      <Filter>NMCO</Filter>
    </ClInclude>
    <ClInclude Include="NMCO\NMGeneral.h">
      <Filter>NMCO</Filter>
    </ClInclude>
    <ClInclude Include="NMCO\NMSerializable.h">
      <Filter>NMCO</Filter>
    </ClInclude>
    <ClInclude Include="discord_game_sdk.h">
      <Filter>Library Files</Filter>
    </ClInclude>
    <ClInclude Include="detours.h">
      <Filter>Library Files</Filter>
    </ClInclude>
    <ClInclude Include="CWvsContext.h">
      <Filter>Header Files\MapleStory</Filter>
    </ClInclude>
    <ClInclude Include="MapleType.h">
      <Filter>Header Files</Filter>
    </ClInclude>
    <ClInclude Include="Discord.h">
      <Filter>Header Files</Filter>
    </ClInclude>
  </ItemGroup>
</Project>